
Microsoft Visual Studio Solution File, Format Version 12.00
# Visual Studio Version 17
VisualStudioVersion = 17.11.35208.52
MinimumVisualStudioVersion = 10.0.40219.1
Project("{9A19103F-16F7-4668-BE54-9A1E7A4F7556}") = "IK_PROJE.Entity", "IK_PROJE.Entity\IK_PROJE.Entity.csproj", "{1C8B1C86-34F4-4FCA-B6E4-3A1635BCAFA5}"
EndProject
Project("{9A19103F-16F7-4668-BE54-9A1E7A4F7556}") = "IK_PROJE.Business", "IK_PROJE.Business\IK_PROJE.Business.csproj", "{2A17D1AC-E1FA-4614-A362-2BEA0EAF753B}"
EndProject
Project("{9A19103F-16F7-4668-BE54-9A1E7A4F7556}") = "IK_PROJE.DataAccess", "IK_PROJE.DataAccess\IK_PROJE.DataAccess.csproj", "{02BDF14B-11EC-4CBB-9019-DE9EF9FF8B60}"
EndProject
Project("{9A19103F-16F7-4668-BE54-9A1E7A4F7556}") = "IK_PROJE.MVC", "IK_PROJE.MVC\IK_PROJE.MVC.csproj", "{BF4A6F89-9233-4A4F-B0A2-FFC209BAEF8D}"
EndProject
Global
	GlobalSection(SolutionConfigurationPlatforms) = preSolution
		Debug|Any CPU = Debug|Any CPU
		Release|Any CPU = Release|Any CPU
	EndGlobalSection
	GlobalSection(ProjectConfigurationPlatforms) = postSolution
		{1C8B1C86-34F4-4FCA-B6E4-3A1635BCAFA5}.Debug|Any CPU.ActiveCfg = Debug|Any CPU
		{1C8B1C86-34F4-4FCA-B6E4-3A1635BCAFA5}.Debug|Any CPU.Build.0 = Debug|Any CPU
		{1C8B1C86-34F4-4FCA-B6E4-3A1635BCAFA5}.Release|Any CPU.ActiveCfg = Release|Any CPU
		{1C8B1C86-34F4-4FCA-B6E4-3A1635BCAFA5}.Release|Any CPU.Build.0 = Release|Any CPU
		{2A17D1AC-E1FA-4614-A362-2BEA0EAF753B}.Debug|Any CPU.ActiveCfg = Debug|Any CPU
		{2A17D1AC-E1FA-4614-A362-2BEA0EAF753B}.Debug|Any CPU.Build.0 = Debug|Any CPU
		{2A17D1AC-E1FA-4614-A362-2BEA0EAF753B}.Release|Any CPU.ActiveCfg = Release|Any CPU
		{2A17D1AC-E1FA-4614-A362-2BEA0EAF753B}.Release|Any CPU.Build.0 = Release|Any CPU
		{02BDF14B-11EC-4CBB-9019-DE9EF9FF8B60}.Debug|Any CPU.ActiveCfg = Debug|Any CPU
		{02BDF14B-11EC-4CBB-9019-DE9EF9FF8B60}.Debug|Any CPU.Build.0 = Debug|Any CPU
		{02BDF14B-11EC-4CBB-9019-DE9EF9FF8B60}.Release|Any CPU.ActiveCfg = Release|Any CPU
		{02BDF14B-11EC-4CBB-9019-DE9EF9FF8B60}.Release|Any CPU.Build.0 = Release|Any CPU
		{BF4A6F89-9233-4A4F-B0A2-FFC209BAEF8D}.Debug|Any CPU.ActiveCfg = Debug|Any CPU
		{BF4A6F89-9233-4A4F-B0A2-FFC209BAEF8D}.Debug|Any CPU.Build.0 = Debug|Any CPU
		{BF4A6F89-9233-4A4F-B0A2-FFC209BAEF8D}.Release|Any CPU.ActiveCfg = Release|Any CPU
		{BF4A6F89-9233-4A4F-B0A2-FFC209BAEF8D}.Release|Any CPU.Build.0 = Release|Any CPU
	EndGlobalSection
	GlobalSection(SolutionProperties) = preSolution
		HideSolutionNode = FALSE
	EndGlobalSection
	GlobalSection(ExtensibilityGlobals) = postSolution
		SolutionGuid = {C368CDB3-C30A-4E07-A4CD-377C7D65C9D5}
	EndGlobalSection
EndGlobal
